<?xml version="1.0" encoding="UTF-8" standalone="yes" ?>
<CodeBlocks_project_file>
	<FileVersion major="1" minor="6" />
	<Project>
		<Option title="dooqu_service" />
		<Option pch_mode="2" />
		<Option compiler="gcc" />
		<Build>
			<Target title="Debug">
				<Option output="bin/Debug/dooqu_service" prefix_auto="1" extension_auto="1" />
				<Option working_dir="" />
				<Option object_output="obj/Debug/" />
				<Option type="2" />
				<Option compiler="gcc" />
				<Compiler>
					<Add option="-std=c++11" />
					<Add option="-g" />
					<Add option="-fPIC" />
					<Add option="-fpermissive" />
					<Add directory="src" />
				</Compiler>
				<Linker>
					<Add option="-lpthread" />
				</Linker>
				<ExtraCommands>
					<Add after="ar -x bin/Debug/libboost_system.a" />
					<Add after="ar -x bin/Debug/libdooqu_service.a" />
					<Add after="rm -f bin/Debug/libdooqu_service.a" />
					<Add after="mv *.o bin/Debug/" />
					<Add after="ar -r -s bin/Debug/libdooqu_service.a bin/Debug/*.o" />
					<Add after="rm -f bin/Debug/*.o" />
				</ExtraCommands>
			</Target>
			<Target title="Release">
				<Option output="bin/Release/dooqu_server" prefix_auto="1" extension_auto="1" />
				<Option working_dir="" />
				<Option object_output="obj/Release/" />
				<Option type="2" />
				<Option compiler="gcc" />
				<Compiler>
					<Add option="-O2" />
					<Add option="-std=c++11" />
					<Add option="-fPIC" />
					<Add directory="src/net" />
					<Add directory="src/service" />
					<Add directory="src" />
				</Compiler>
				<Linker>
					<Add option="-s" />
				</Linker>
			</Target>
		</Build>
		<Compiler>
			<Add option="-Wall" />
			<Add option="-fexceptions" />
		</Compiler>
		<Unit filename="src/dooqu_service.h" />
		<Unit filename="src/net/service_error.h" />
		<Unit filename="src/net/tcp_client.cpp" />
		<Unit filename="src/net/tcp_client.h" />
		<Unit filename="src/net/tcp_server.cpp" />
		<Unit filename="src/net/tcp_server.h" />
		<Unit filename="src/net/tick_count.h" />
		<Unit filename="src/service/async_task.cpp" />
		<Unit filename="src/service/async_task.h" />
		<Unit filename="src/service/command.cpp" />
		<Unit filename="src/service/command.h" />
		<Unit filename="src/service/command_dispatcher.cpp" />
		<Unit filename="src/service/command_dispatcher.h" />
		<Unit filename="src/service/game_client.cpp" />
		<Unit filename="src/service/game_client.h" />
		<Unit filename="src/service/game_info.h" />
		<Unit filename="src/service/game_plugin.cpp" />
		<Unit filename="src/service/game_plugin.h" />
		<Unit filename="src/service/game_service.cpp" />
		<Unit filename="src/service/game_service.h" />
		<Unit filename="src/service/game_zone.cpp" />
		<Unit filename="src/service/game_zone.h" />
		<Unit filename="src/service/http_request.h" />
		<Unit filename="src/service/post_monitor.cpp" />
		<Unit filename="src/service/post_monitor.h" />
		<Unit filename="src/service/service_error.h" />
		<Unit filename="src/util/char_key_op.h" />
		<Unit filename="src/util/threads_lock_status.cpp" />
		<Unit filename="src/util/threads_lock_status.h" />
		<Unit filename="src/util/tick_count.h" />
		<Unit filename="src/util/utility.cpp" />
		<Unit filename="src/util/utility.h" />
		<Extensions>
			<code_completion />
			<debugger />
			<envvars />
		</Extensions>
	</Project>
</CodeBlocks_project_file>
